
Microsoft Visual Studio Solution File, Format Version 12.00
# Visual Studio 14
VisualStudioVersion = 14.0.25420.1
MinimumVisualStudioVersion = 10.0.40219.1
Project("{FAE04EC0-301F-11D3-BF4B-00C04F79EFBC}") = "WheresGoneMyMoney.Android", "WheresGoneMyMoney\WheresGoneMyMoney.Android\WheresGoneMyMoney.Android.csproj", "{80081525-A03C-4AE9-B20F-17EEDC06C098}"
EndProject
Project("{FAE04EC0-301F-11D3-BF4B-00C04F79EFBC}") = "WheresGoneMyMoney", "WheresGoneMyMoney\WheresGoneMyMoney\WheresGoneMyMoney.csproj", "{46CC41A1-8717-4A14-AB57-5D75E4275E60}"
EndProject
Project("{FAE04EC0-301F-11D3-BF4B-00C04F79EFBC}") = "WheresGoneMyMoney.UWP", "WheresGoneMyMoney\WheresGoneMyMoney.UWP\WheresGoneMyMoney.UWP.csproj", "{0ECE4C98-6049-4174-8B9D-D95532B05898}"
EndProject
Project("{FAE04EC0-301F-11D3-BF4B-00C04F79EFBC}") = "WheresGoneMyMoney.iOS", "WheresGoneMyMoney\WheresGoneMyMoney.iOS\WheresGoneMyMoney.iOS.csproj", "{27879B97-17B5-497B-919B-A8AF9313A20D}"
EndProject
Global
	GlobalSection(SolutionConfigurationPlatforms) = preSolution
		Ad-Hoc|Any CPU = Ad-Hoc|Any CPU
		Ad-Hoc|ARM = Ad-Hoc|ARM
		Ad-Hoc|iPhone = Ad-Hoc|iPhone
		Ad-Hoc|iPhoneSimulator = Ad-Hoc|iPhoneSimulator
		Ad-Hoc|x64 = Ad-Hoc|x64
		Ad-Hoc|x86 = Ad-Hoc|x86
		AppStore|Any CPU = AppStore|Any CPU
		AppStore|ARM = AppStore|ARM
		AppStore|iPhone = AppStore|iPhone
		AppStore|iPhoneSimulator = AppStore|iPhoneSimulator
		AppStore|x64 = AppStore|x64
		AppStore|x86 = AppStore|x86
		Debug|Any CPU = Debug|Any CPU
		Debug|ARM = Debug|ARM
		Debug|iPhone = Debug|iPhone
		Debug|iPhoneSimulator = Debug|iPhoneSimulator
		Debug|x64 = Debug|x64
		Debug|x86 = Debug|x86
		Release|Any CPU = Release|Any CPU
		Release|ARM = Release|ARM
		Release|iPhone = Release|iPhone
		Release|iPhoneSimulator = Release|iPhoneSimulator
		Release|x64 = Release|x64
		Release|x86 = Release|x86
	EndGlobalSection
	GlobalSection(ProjectConfigurationPlatforms) = postSolution
		{80081525-A03C-4AE9-B20F-17EEDC06C098}.Ad-Hoc|Any CPU.ActiveCfg = Release|Any CPU
		{80081525-A03C-4AE9-B20F-17EEDC06C098}.Ad-Hoc|Any CPU.Build.0 = Release|Any CPU
		{80081525-A03C-4AE9-B20F-17EEDC06C098}.Ad-Hoc|Any CPU.Deploy.0 = Release|Any CPU
		{80081525-A03C-4AE9-B20F-17EEDC06C098}.Ad-Hoc|ARM.ActiveCfg = Release|Any CPU
		{80081525-A03C-4AE9-B20F-17EEDC06C098}.Ad-Hoc|ARM.Build.0 = Release|Any CPU
		{80081525-A03C-4AE9-B20F-17EEDC06C098}.Ad-Hoc|ARM.Deploy.0 = Release|Any CPU
		{80081525-A03C-4AE9-B20F-17EEDC06C098}.Ad-Hoc|iPhone.ActiveCfg = Release|Any CPU
		{80081525-A03C-4AE9-B20F-17EEDC06C098}.Ad-Hoc|iPhone.Build.0 = Release|Any CPU
		{80081525-A03C-4AE9-B20F-17EEDC06C098}.Ad-Hoc|iPhone.Deploy.0 = Release|Any CPU
		{80081525-A03C-4AE9-B20F-17EEDC06C098}.Ad-Hoc|iPhoneSimulator.ActiveCfg = Release|Any CPU
		{80081525-A03C-4AE9-B20F-17EEDC06C098}.Ad-Hoc|iPhoneSimulator.Build.0 = Release|Any CPU
		{80081525-A03C-4AE9-B20F-17EEDC06C098}.Ad-Hoc|iPhoneSimulator.Deploy.0 = Release|Any CPU
		{80081525-A03C-4AE9-B20F-17EEDC06C098}.Ad-Hoc|x64.ActiveCfg = Release|Any CPU
		{80081525-A03C-4AE9-B20F-17EEDC06C098}.Ad-Hoc|x64.Build.0 = Release|Any CPU
		{80081525-A03C-4AE9-B20F-17EEDC06C098}.Ad-Hoc|x64.Deploy.0 = Release|Any CPU
		{80081525-A03C-4AE9-B20F-17EEDC06C098}.Ad-Hoc|x86.ActiveCfg = Release|Any CPU
		{80081525-A03C-4AE9-B20F-17EEDC06C098}.Ad-Hoc|x86.Build.0 = Release|Any CPU
		{80081525-A03C-4AE9-B20F-17EEDC06C098}.Ad-Hoc|x86.Deploy.0 = Release|Any CPU
		{80081525-A03C-4AE9-B20F-17EEDC06C098}.AppStore|Any CPU.ActiveCfg = Release|Any CPU
		{80081525-A03C-4AE9-B20F-17EEDC06C098}.AppStore|Any CPU.Build.0 = Release|Any CPU
		{80081525-A03C-4AE9-B20F-17EEDC06C098}.AppStore|Any CPU.Deploy.0 = Release|Any CPU
		{80081525-A03C-4AE9-B20F-17EEDC06C098}.AppStore|ARM.ActiveCfg = Release|Any CPU
		{80081525-A03C-4AE9-B20F-17EEDC06C098}.AppStore|ARM.Build.0 = Release|Any CPU
		{80081525-A03C-4AE9-B20F-17EEDC06C098}.AppStore|ARM.Deploy.0 = Release|Any CPU
		{80081525-A03C-4AE9-B20F-17EEDC06C098}.AppStore|iPhone.ActiveCfg = Release|Any CPU
		{80081525-A03C-4AE9-B20F-17EEDC06C098}.AppStore|iPhone.Build.0 = Release|Any CPU
		{80081525-A03C-4AE9-B20F-17EEDC06C098}.AppStore|iPhone.Deploy.0 = Release|Any CPU
		{80081525-A03C-4AE9-B20F-17EEDC06C098}.AppStore|iPhoneSimulator.ActiveCfg = Release|Any CPU
		{80081525-A03C-4AE9-B20F-17EEDC06C098}.AppStore|iPhoneSimulator.Build.0 = Release|Any CPU
		{80081525-A03C-4AE9-B20F-17EEDC06C098}.AppStore|iPhoneSimulator.Deploy.0 = Release|Any CPU
		{80081525-A03C-4AE9-B20F-17EEDC06C098}.AppStore|x64.ActiveCfg = Release|Any CPU
		{80081525-A03C-4AE9-B20F-17EEDC06C098}.AppStore|x64.Build.0 = Release|Any CPU
		{80081525-A03C-4AE9-B20F-17EEDC06C098}.AppStore|x64.Deploy.0 = Release|Any CPU
		{80081525-A03C-4AE9-B20F-17EEDC06C098}.AppStore|x86.ActiveCfg = Release|Any CPU
		{80081525-A03C-4AE9-B20F-17EEDC06C098}.AppStore|x86.Build.0 = Release|Any CPU
		{80081525-A03C-4AE9-B20F-17EEDC06C098}.AppStore|x86.Deploy.0 = Release|Any CPU
		{80081525-A03C-4AE9-B20F-17EEDC06C098}.Debug|Any CPU.ActiveCfg = Debug|Any CPU
		{80081525-A03C-4AE9-B20F-17EEDC06C098}.Debug|Any CPU.Build.0 = Debug|Any CPU
		{80081525-A03C-4AE9-B20F-17EEDC06C098}.Debug|Any CPU.Deploy.0 = Debug|Any CPU
		{80081525-A03C-4AE9-B20F-17EEDC06C098}.Debug|ARM.ActiveCfg = Debug|Any CPU
		{80081525-A03C-4AE9-B20F-17EEDC06C098}.Debug|ARM.Build.0 = Debug|Any CPU
		{80081525-A03C-4AE9-B20F-17EEDC06C098}.Debug|ARM.Deploy.0 = Debug|Any CPU
		{80081525-A03C-4AE9-B20F-17EEDC06C098}.Debug|iPhone.ActiveCfg = Debug|Any CPU
		{80081525-A03C-4AE9-B20F-17EEDC06C098}.Debug|iPhone.Build.0 = Debug|Any CPU
		{80081525-A03C-4AE9-B20F-17EEDC06C098}.Debug|iPhone.Deploy.0 = Debug|Any CPU
		{80081525-A03C-4AE9-B20F-17EEDC06C098}.Debug|iPhoneSimulator.ActiveCfg = Debug|Any CPU
		{80081525-A03C-4AE9-B20F-17EEDC06C098}.Debug|iPhoneSimulator.Build.0 = Debug|Any CPU
		{80081525-A03C-4AE9-B20F-17EEDC06C098}.Debug|iPhoneSimulator.Deploy.0 = Debug|Any CPU
		{80081525-A03C-4AE9-B20F-17EEDC06C098}.Debug|x64.ActiveCfg = Debug|Any CPU
		{80081525-A03C-4AE9-B20F-17EEDC06C098}.Debug|x64.Build.0 = Debug|Any CPU
		{80081525-A03C-4AE9-B20F-17EEDC06C098}.Debug|x64.Deploy.0 = Debug|Any CPU
		{80081525-A03C-4AE9-B20F-17EEDC06C098}.Debug|x86.ActiveCfg = Debug|Any CPU
		{80081525-A03C-4AE9-B20F-17EEDC06C098}.Debug|x86.Build.0 = Debug|Any CPU
		{80081525-A03C-4AE9-B20F-17EEDC06C098}.Debug|x86.Deploy.0 = Debug|Any CPU
		{80081525-A03C-4AE9-B20F-17EEDC06C098}.Release|Any CPU.ActiveCfg = Release|Any CPU
		{80081525-A03C-4AE9-B20F-17EEDC06C098}.Release|Any CPU.Build.0 = Release|Any CPU
		{80081525-A03C-4AE9-B20F-17EEDC06C098}.Release|Any CPU.Deploy.0 = Release|Any CPU
		{80081525-A03C-4AE9-B20F-17EEDC06C098}.Release|ARM.ActiveCfg = Release|Any CPU
		{80081525-A03C-4AE9-B20F-17EEDC06C098}.Release|ARM.Build.0 = Release|Any CPU
		{80081525-A03C-4AE9-B20F-17EEDC06C098}.Release|ARM.Deploy.0 = Release|Any CPU
		{80081525-A03C-4AE9-B20F-17EEDC06C098}.Release|iPhone.ActiveCfg = Release|Any CPU
		{80081525-A03C-4AE9-B20F-17EEDC06C098}.Release|iPhone.Build.0 = Release|Any CPU
		{80081525-A03C-4AE9-B20F-17EEDC06C098}.Release|iPhone.Deploy.0 = Release|Any CPU
		{80081525-A03C-4AE9-B20F-17EEDC06C098}.Release|iPhoneSimulator.ActiveCfg = Release|Any CPU
		{80081525-A03C-4AE9-B20F-17EEDC06C098}.Release|iPhoneSimulator.Build.0 = Release|Any CPU
		{80081525-A03C-4AE9-B20F-17EEDC06C098}.Release|iPhoneSimulator.Deploy.0 = Release|Any CPU
		{80081525-A03C-4AE9-B20F-17EEDC06C098}.Release|x64.ActiveCfg = Release|Any CPU
		{80081525-A03C-4AE9-B20F-17EEDC06C098}.Release|x64.Build.0 = Release|Any CPU
		{80081525-A03C-4AE9-B20F-17EEDC06C098}.Release|x64.Deploy.0 = Release|Any CPU
		{80081525-A03C-4AE9-B20F-17EEDC06C098}.Release|x86.ActiveCfg = Release|Any CPU
		{80081525-A03C-4AE9-B20F-17EEDC06C098}.Release|x86.Build.0 = Release|Any CPU
		{80081525-A03C-4AE9-B20F-17EEDC06C098}.Release|x86.Deploy.0 = Release|Any CPU
		{46CC41A1-8717-4A14-AB57-5D75E4275E60}.Ad-Hoc|Any CPU.ActiveCfg = Release|Any CPU
		{46CC41A1-8717-4A14-AB57-5D75E4275E60}.Ad-Hoc|Any CPU.Build.0 = Release|Any CPU
		{46CC41A1-8717-4A14-AB57-5D75E4275E60}.Ad-Hoc|Any CPU.Deploy.0 = Release|Any CPU
		{46CC41A1-8717-4A14-AB57-5D75E4275E60}.Ad-Hoc|ARM.ActiveCfg = Release|Any CPU
		{46CC41A1-8717-4A14-AB57-5D75E4275E60}.Ad-Hoc|ARM.Build.0 = Release|Any CPU
		{46CC41A1-8717-4A14-AB57-5D75E4275E60}.Ad-Hoc|ARM.Deploy.0 = Release|Any CPU
		{46CC41A1-8717-4A14-AB57-5D75E4275E60}.Ad-Hoc|iPhone.ActiveCfg = Release|Any CPU
		{46CC41A1-8717-4A14-AB57-5D75E4275E60}.Ad-Hoc|iPhone.Build.0 = Release|Any CPU
		{46CC41A1-8717-4A14-AB57-5D75E4275E60}.Ad-Hoc|iPhone.Deploy.0 = Release|Any CPU
		{46CC41A1-8717-4A14-AB57-5D75E4275E60}.Ad-Hoc|iPhoneSimulator.ActiveCfg = Release|Any CPU
		{46CC41A1-8717-4A14-AB57-5D75E4275E60}.Ad-Hoc|iPhoneSimulator.Build.0 = Release|Any CPU
		{46CC41A1-8717-4A14-AB57-5D75E4275E60}.Ad-Hoc|iPhoneSimulator.Deploy.0 = Release|Any CPU
		{46CC41A1-8717-4A14-AB57-5D75E4275E60}.Ad-Hoc|x64.ActiveCfg = Release|Any CPU
		{46CC41A1-8717-4A14-AB57-5D75E4275E60}.Ad-Hoc|x64.Build.0 = Release|Any CPU
		{46CC41A1-8717-4A14-AB57-5D75E4275E60}.Ad-Hoc|x64.Deploy.0 = Release|Any CPU
		{46CC41A1-8717-4A14-AB57-5D75E4275E60}.Ad-Hoc|x86.ActiveCfg = Release|Any CPU
		{46CC41A1-8717-4A14-AB57-5D75E4275E60}.Ad-Hoc|x86.Build.0 = Release|Any CPU
		{46CC41A1-8717-4A14-AB57-5D75E4275E60}.Ad-Hoc|x86.Deploy.0 = Release|Any CPU
		{46CC41A1-8717-4A14-AB57-5D75E4275E60}.AppStore|Any CPU.ActiveCfg = Release|Any CPU
		{46CC41A1-8717-4A14-AB57-5D75E4275E60}.AppStore|Any CPU.Build.0 = Release|Any CPU
		{46CC41A1-8717-4A14-AB57-5D75E4275E60}.AppStore|Any CPU.Deploy.0 = Release|Any CPU
		{46CC41A1-8717-4A14-AB57-5D75E4275E60}.AppStore|ARM.ActiveCfg = Release|Any CPU
		{46CC41A1-8717-4A14-AB57-5D75E4275E60}.AppStore|ARM.Build.0 = Release|Any CPU
		{46CC41A1-8717-4A14-AB57-5D75E4275E60}.AppStore|ARM.Deploy.0 = Release|Any CPU
		{46CC41A1-8717-4A14-AB57-5D75E4275E60}.AppStore|iPhone.ActiveCfg = Release|Any CPU
		{46CC41A1-8717-4A14-AB57-5D75E4275E60}.AppStore|iPhone.Build.0 = Release|Any CPU
		{46CC41A1-8717-4A14-AB57-5D75E4275E60}.AppStore|iPhone.Deploy.0 = Release|Any CPU
		{46CC41A1-8717-4A14-AB57-5D75E4275E60}.AppStore|iPhoneSimulator.ActiveCfg = Release|Any CPU
		{46CC41A1-8717-4A14-AB57-5D75E4275E60}.AppStore|iPhoneSimulator.Build.0 = Release|Any CPU
		{46CC41A1-8717-4A14-AB57-5D75E4275E60}.AppStore|iPhoneSimulator.Deploy.0 = Release|Any CPU
		{46CC41A1-8717-4A14-AB57-5D75E4275E60}.AppStore|x64.ActiveCfg = Release|Any CPU
		{46CC41A1-8717-4A14-AB57-5D75E4275E60}.AppStore|x64.Build.0 = Release|Any CPU
		{46CC41A1-8717-4A14-AB57-5D75E4275E60}.AppStore|x64.Deploy.0 = Release|Any CPU
		{46CC41A1-8717-4A14-AB57-5D75E4275E60}.AppStore|x86.ActiveCfg = Release|Any CPU
		{46CC41A1-8717-4A14-AB57-5D75E4275E60}.AppStore|x86.Build.0 = Release|Any CPU
		{46CC41A1-8717-4A14-AB57-5D75E4275E60}.AppStore|x86.Deploy.0 = Release|Any CPU
		{46CC41A1-8717-4A14-AB57-5D75E4275E60}.Debug|Any CPU.ActiveCfg = Debug|Any CPU
		{46CC41A1-8717-4A14-AB57-5D75E4275E60}.Debug|Any CPU.Build.0 = Debug|Any CPU
		{46CC41A1-8717-4A14-AB57-5D75E4275E60}.Debug|Any CPU.Deploy.0 = Debug|Any CPU
		{46CC41A1-8717-4A14-AB57-5D75E4275E60}.Debug|ARM.ActiveCfg = Debug|Any CPU
		{46CC41A1-8717-4A14-AB57-5D75E4275E60}.Debug|ARM.Build.0 = Debug|Any CPU
		{46CC41A1-8717-4A14-AB57-5D75E4275E60}.Debug|ARM.Deploy.0 = Debug|Any CPU
		{46CC41A1-8717-4A14-AB57-5D75E4275E60}.Debug|iPhone.ActiveCfg = Debug|Any CPU
		{46CC41A1-8717-4A14-AB57-5D75E4275E60}.Debug|iPhone.Build.0 = Debug|Any CPU
		{46CC41A1-8717-4A14-AB57-5D75E4275E60}.Debug|iPhone.Deploy.0 = Debug|Any CPU
		{46CC41A1-8717-4A14-AB57-5D75E4275E60}.Debug|iPhoneSimulator.ActiveCfg = Debug|Any CPU
		{46CC41A1-8717-4A14-AB57-5D75E4275E60}.Debug|iPhoneSimulator.Build.0 = Debug|Any CPU
		{46CC41A1-8717-4A14-AB57-5D75E4275E60}.Debug|iPhoneSimulator.Deploy.0 = Debug|Any CPU
		{46CC41A1-8717-4A14-AB57-5D75E4275E60}.Debug|x64.ActiveCfg = Debug|Any CPU
		{46CC41A1-8717-4A14-AB57-5D75E4275E60}.Debug|x64.Build.0 = Debug|Any CPU
		{46CC41A1-8717-4A14-AB57-5D75E4275E60}.Debug|x64.Deploy.0 = Debug|Any CPU
		{46CC41A1-8717-4A14-AB57-5D75E4275E60}.Debug|x86.ActiveCfg = Debug|Any CPU
		{46CC41A1-8717-4A14-AB57-5D75E4275E60}.Debug|x86.Build.0 = Debug|Any CPU
		{46CC41A1-8717-4A14-AB57-5D75E4275E60}.Debug|x86.Deploy.0 = Debug|Any CPU
		{46CC41A1-8717-4A14-AB57-5D75E4275E60}.Release|Any CPU.ActiveCfg = Release|Any CPU
		{46CC41A1-8717-4A14-AB57-5D75E4275E60}.Release|Any CPU.Build.0 = Release|Any CPU
		{46CC41A1-8717-4A14-AB57-5D75E4275E60}.Release|Any CPU.Deploy.0 = Release|Any CPU
		{46CC41A1-8717-4A14-AB57-5D75E4275E60}.Release|ARM.ActiveCfg = Release|Any CPU
		{46CC41A1-8717-4A14-AB57-5D75E4275E60}.Release|ARM.Build.0 = Release|Any CPU
		{46CC41A1-8717-4A14-AB57-5D75E4275E60}.Release|ARM.Deploy.0 = Release|Any CPU
		{46CC41A1-8717-4A14-AB57-5D75E4275E60}.Release|iPhone.ActiveCfg = Release|Any CPU
		{46CC41A1-8717-4A14-AB57-5D75E4275E60}.Release|iPhone.Build.0 = Release|Any CPU
		{46CC41A1-8717-4A14-AB57-5D75E4275E60}.Release|iPhone.Deploy.0 = Release|Any CPU
		{46CC41A1-8717-4A14-AB57-5D75E4275E60}.Release|iPhoneSimulator.ActiveCfg = Release|Any CPU
		{46CC41A1-8717-4A14-AB57-5D75E4275E60}.Release|iPhoneSimulator.Build.0 = Release|Any CPU
		{46CC41A1-8717-4A14-AB57-5D75E4275E60}.Release|iPhoneSimulator.Deploy.0 = Release|Any CPU
		{46CC41A1-8717-4A14-AB57-5D75E4275E60}.Release|x64.ActiveCfg = Release|Any CPU
		{46CC41A1-8717-4A14-AB57-5D75E4275E60}.Release|x64.Build.0 = Release|Any CPU
		{46CC41A1-8717-4A14-AB57-5D75E4275E60}.Release|x64.Deploy.0 = Release|Any CPU
		{46CC41A1-8717-4A14-AB57-5D75E4275E60}.Release|x86.ActiveCfg = Release|Any CPU
		{46CC41A1-8717-4A14-AB57-5D75E4275E60}.Release|x86.Build.0 = Release|Any CPU
		{46CC41A1-8717-4A14-AB57-5D75E4275E60}.Release|x86.Deploy.0 = Release|Any CPU
		{0ECE4C98-6049-4174-8B9D-D95532B05898}.Ad-Hoc|Any CPU.ActiveCfg = Release|x86
		{0ECE4C98-6049-4174-8B9D-D95532B05898}.Ad-Hoc|Any CPU.Build.0 = Release|x86
		{0ECE4C98-6049-4174-8B9D-D95532B05898}.Ad-Hoc|Any CPU.Deploy.0 = Release|x86
		{0ECE4C98-6049-4174-8B9D-D95532B05898}.Ad-Hoc|ARM.ActiveCfg = Release|ARM
		{0ECE4C98-6049-4174-8B9D-D95532B05898}.Ad-Hoc|ARM.Build.0 = Release|ARM
		{0ECE4C98-6049-4174-8B9D-D95532B05898}.Ad-Hoc|ARM.Deploy.0 = Release|ARM
		{0ECE4C98-6049-4174-8B9D-D95532B05898}.Ad-Hoc|iPhone.ActiveCfg = Release|x86
		{0ECE4C98-6049-4174-8B9D-D95532B05898}.Ad-Hoc|iPhone.Build.0 = Release|x86
		{0ECE4C98-6049-4174-8B9D-D95532B05898}.Ad-Hoc|iPhone.Deploy.0 = Release|x86
		{0ECE4C98-6049-4174-8B9D-D95532B05898}.Ad-Hoc|iPhoneSimulator.ActiveCfg = Release|x86
		{0ECE4C98-6049-4174-8B9D-D95532B05898}.Ad-Hoc|iPhoneSimulator.Build.0 = Release|x86
		{0ECE4C98-6049-4174-8B9D-D95532B05898}.Ad-Hoc|iPhoneSimulator.Deploy.0 = Release|x86
		{0ECE4C98-6049-4174-8B9D-D95532B05898}.Ad-Hoc|x64.ActiveCfg = Release|x64
		{0ECE4C98-6049-4174-8B9D-D95532B05898}.Ad-Hoc|x64.Build.0 = Release|x64
		{0ECE4C98-6049-4174-8B9D-D95532B05898}.Ad-Hoc|x64.Deploy.0 = Release|x64
		{0ECE4C98-6049-4174-8B9D-D95532B05898}.Ad-Hoc|x86.ActiveCfg = Release|x86
		{0ECE4C98-6049-4174-8B9D-D95532B05898}.Ad-Hoc|x86.Build.0 = Release|x86
		{0ECE4C98-6049-4174-8B9D-D95532B05898}.Ad-Hoc|x86.Deploy.0 = Release|x86
		{0ECE4C98-6049-4174-8B9D-D95532B05898}.AppStore|Any CPU.ActiveCfg = Release|x86
		{0ECE4C98-6049-4174-8B9D-D95532B05898}.AppStore|Any CPU.Build.0 = Release|x86
		{0ECE4C98-6049-4174-8B9D-D95532B05898}.AppStore|Any CPU.Deploy.0 = Release|x86
		{0ECE4C98-6049-4174-8B9D-D95532B05898}.AppStore|ARM.ActiveCfg = Release|ARM
		{0ECE4C98-6049-4174-8B9D-D95532B05898}.AppStore|ARM.Build.0 = Release|ARM
		{0ECE4C98-6049-4174-8B9D-D95532B05898}.AppStore|ARM.Deploy.0 = Release|ARM
		{0ECE4C98-6049-4174-8B9D-D95532B05898}.AppStore|iPhone.ActiveCfg = Release|x86
		{0ECE4C98-6049-4174-8B9D-D95532B05898}.AppStore|iPhone.Build.0 = Release|x86
		{0ECE4C98-6049-4174-8B9D-D95532B05898}.AppStore|iPhone.Deploy.0 = Release|x86
		{0ECE4C98-6049-4174-8B9D-D95532B05898}.AppStore|iPhoneSimulator.ActiveCfg = Release|x86
		{0ECE4C98-6049-4174-8B9D-D95532B05898}.AppStore|iPhoneSimulator.Build.0 = Release|x86
		{0ECE4C98-6049-4174-8B9D-D95532B05898}.AppStore|iPhoneSimulator.Deploy.0 = Release|x86
		{0ECE4C98-6049-4174-8B9D-D95532B05898}.AppStore|x64.ActiveCfg = Release|x64
		{0ECE4C98-6049-4174-8B9D-D95532B05898}.AppStore|x64.Build.0 = Release|x64
		{0ECE4C98-6049-4174-8B9D-D95532B05898}.AppStore|x64.Deploy.0 = Release|x64
		{0ECE4C98-6049-4174-8B9D-D95532B05898}.AppStore|x86.ActiveCfg = Release|x86
		{0ECE4C98-6049-4174-8B9D-D95532B05898}.AppStore|x86.Build.0 = Release|x86
		{0ECE4C98-6049-4174-8B9D-D95532B05898}.AppStore|x86.Deploy.0 = Release|x86
		{0ECE4C98-6049-4174-8B9D-D95532B05898}.Debug|Any CPU.ActiveCfg = Debug|x86
		{0ECE4C98-6049-4174-8B9D-D95532B05898}.Debug|Any CPU.Build.0 = Debug|x86
		{0ECE4C98-6049-4174-8B9D-D95532B05898}.Debug|Any CPU.Deploy.0 = Debug|x86
		{0ECE4C98-6049-4174-8B9D-D95532B05898}.Debug|ARM.ActiveCfg = Debug|ARM
		{0ECE4C98-6049-4174-8B9D-D95532B05898}.Debug|ARM.Build.0 = Debug|ARM
		{0ECE4C98-6049-4174-8B9D-D95532B05898}.Debug|ARM.Deploy.0 = Debug|ARM
		{0ECE4C98-6049-4174-8B9D-D95532B05898}.Debug|iPhone.ActiveCfg = Debug|x86
		{0ECE4C98-6049-4174-8B9D-D95532B05898}.Debug|iPhone.Build.0 = Debug|x86
		{0ECE4C98-6049-4174-8B9D-D95532B05898}.Debug|iPhone.Deploy.0 = Debug|x86
		{0ECE4C98-6049-4174-8B9D-D95532B05898}.Debug|iPhoneSimulator.ActiveCfg = Debug|x86
		{0ECE4C98-6049-4174-8B9D-D95532B05898}.Debug|iPhoneSimulator.Build.0 = Debug|x86
		{0ECE4C98-6049-4174-8B9D-D95532B05898}.Debug|iPhoneSimulator.Deploy.0 = Debug|x86
		{0ECE4C98-6049-4174-8B9D-D95532B05898}.Debug|x64.ActiveCfg = Debug|x64
		{0ECE4C98-6049-4174-8B9D-D95532B05898}.Debug|x64.Build.0 = Debug|x64
		{0ECE4C98-6049-4174-8B9D-D95532B05898}.Debug|x64.Deploy.0 = Debug|x64
		{0ECE4C98-6049-4174-8B9D-D95532B05898}.Debug|x86.ActiveCfg = Debug|x86
		{0ECE4C98-6049-4174-8B9D-D95532B05898}.Debug|x86.Build.0 = Debug|x86
		{0ECE4C98-6049-4174-8B9D-D95532B05898}.Debug|x86.Deploy.0 = Debug|x86
		{0ECE4C98-6049-4174-8B9D-D95532B05898}.Release|Any CPU.ActiveCfg = Release|x86
		{0ECE4C98-6049-4174-8B9D-D95532B05898}.Release|Any CPU.Build.0 = Release|x86
		{0ECE4C98-6049-4174-8B9D-D95532B05898}.Release|Any CPU.Deploy.0 = Release|x86
		{0ECE4C98-6049-4174-8B9D-D95532B05898}.Release|ARM.ActiveCfg = Release|ARM
		{0ECE4C98-6049-4174-8B9D-D95532B05898}.Release|ARM.Build.0 = Release|ARM
		{0ECE4C98-6049-4174-8B9D-D95532B05898}.Release|ARM.Deploy.0 = Release|ARM
		{0ECE4C98-6049-4174-8B9D-D95532B05898}.Release|iPhone.ActiveCfg = Release|x86
		{0ECE4C98-6049-4174-8B9D-D95532B05898}.Release|iPhone.Build.0 = Release|x86
		{0ECE4C98-6049-4174-8B9D-D95532B05898}.Release|iPhone.Deploy.0 = Release|x86
		{0ECE4C98-6049-4174-8B9D-D95532B05898}.Release|iPhoneSimulator.ActiveCfg = Release|x86
		{0ECE4C98-6049-4174-8B9D-D95532B05898}.Release|iPhoneSimulator.Build.0 = Release|x86
		{0ECE4C98-6049-4174-8B9D-D95532B05898}.Release|iPhoneSimulator.Deploy.0 = Release|x86
		{0ECE4C98-6049-4174-8B9D-D95532B05898}.Release|x64.ActiveCfg = Release|x64
		{0ECE4C98-6049-4174-8B9D-D95532B05898}.Release|x64.Build.0 = Release|x64
		{0ECE4C98-6049-4174-8B9D-D95532B05898}.Release|x64.Deploy.0 = Release|x64
		{0ECE4C98-6049-4174-8B9D-D95532B05898}.Release|x86.ActiveCfg = Release|x86
		{0ECE4C98-6049-4174-8B9D-D95532B05898}.Release|x86.Build.0 = Release|x86
		{0ECE4C98-6049-4174-8B9D-D95532B05898}.Release|x86.Deploy.0 = Release|x86
		{27879B97-17B5-497B-919B-A8AF9313A20D}.Ad-Hoc|Any CPU.ActiveCfg = Ad-Hoc|iPhone
		{27879B97-17B5-497B-919B-A8AF9313A20D}.Ad-Hoc|Any CPU.Build.0 = Ad-Hoc|iPhone
		{27879B97-17B5-497B-919B-A8AF9313A20D}.Ad-Hoc|Any CPU.Deploy.0 = Ad-Hoc|iPhone
		{27879B97-17B5-497B-919B-A8AF9313A20D}.Ad-Hoc|ARM.ActiveCfg = Ad-Hoc|iPhone
		{27879B97-17B5-497B-919B-A8AF9313A20D}.Ad-Hoc|ARM.Build.0 = Ad-Hoc|iPhone
		{27879B97-17B5-497B-919B-A8AF9313A20D}.Ad-Hoc|ARM.Deploy.0 = Ad-Hoc|iPhone
		{27879B97-17B5-497B-919B-A8AF9313A20D}.Ad-Hoc|iPhone.ActiveCfg = Ad-Hoc|iPhone
		{27879B97-17B5-497B-919B-A8AF9313A20D}.Ad-Hoc|iPhone.Build.0 = Ad-Hoc|iPhone
		{27879B97-17B5-497B-919B-A8AF9313A20D}.Ad-Hoc|iPhone.Deploy.0 = Ad-Hoc|iPhone
		{27879B97-17B5-497B-919B-A8AF9313A20D}.Ad-Hoc|iPhoneSimulator.ActiveCfg = Ad-Hoc|iPhoneSimulator
		{27879B97-17B5-497B-919B-A8AF9313A20D}.Ad-Hoc|iPhoneSimulator.Build.0 = Ad-Hoc|iPhoneSimulator
		{27879B97-17B5-497B-919B-A8AF9313A20D}.Ad-Hoc|iPhoneSimulator.Deploy.0 = Ad-Hoc|iPhoneSimulator
		{27879B97-17B5-497B-919B-A8AF9313A20D}.Ad-Hoc|x64.ActiveCfg = Ad-Hoc|iPhone
		{27879B97-17B5-497B-919B-A8AF9313A20D}.Ad-Hoc|x64.Build.0 = Ad-Hoc|iPhone
		{27879B97-17B5-497B-919B-A8AF9313A20D}.Ad-Hoc|x64.Deploy.0 = Ad-Hoc|iPhone
		{27879B97-17B5-497B-919B-A8AF9313A20D}.Ad-Hoc|x86.ActiveCfg = Ad-Hoc|iPhone
		{27879B97-17B5-497B-919B-A8AF9313A20D}.Ad-Hoc|x86.Build.0 = Ad-Hoc|iPhone
		{27879B97-17B5-497B-919B-A8AF9313A20D}.Ad-Hoc|x86.Deploy.0 = Ad-Hoc|iPhone
		{27879B97-17B5-497B-919B-A8AF9313A20D}.AppStore|Any CPU.ActiveCfg = AppStore|iPhone
		{27879B97-17B5-497B-919B-A8AF9313A20D}.AppStore|Any CPU.Build.0 = AppStore|iPhone
		{27879B97-17B5-497B-919B-A8AF9313A20D}.AppStore|Any CPU.Deploy.0 = AppStore|iPhone
		{27879B97-17B5-497B-919B-A8AF9313A20D}.AppStore|ARM.ActiveCfg = AppStore|iPhone
		{27879B97-17B5-497B-919B-A8AF9313A20D}.AppStore|ARM.Build.0 = AppStore|iPhone
		{27879B97-17B5-497B-919B-A8AF9313A20D}.AppStore|ARM.Deploy.0 = AppStore|iPhone
		{27879B97-17B5-497B-919B-A8AF9313A20D}.AppStore|iPhone.ActiveCfg = AppStore|iPhone
		{27879B97-17B5-497B-919B-A8AF9313A20D}.AppStore|iPhone.Build.0 = AppStore|iPhone
		{27879B97-17B5-497B-919B-A8AF9313A20D}.AppStore|iPhone.Deploy.0 = AppStore|iPhone
		{27879B97-17B5-497B-919B-A8AF9313A20D}.AppStore|iPhoneSimulator.ActiveCfg = AppStore|iPhoneSimulator
		{27879B97-17B5-497B-919B-A8AF9313A20D}.AppStore|iPhoneSimulator.Build.0 = AppStore|iPhoneSimulator
		{27879B97-17B5-497B-919B-A8AF9313A20D}.AppStore|iPhoneSimulator.Deploy.0 = AppStore|iPhoneSimulator
		{27879B97-17B5-497B-919B-A8AF9313A20D}.AppStore|x64.ActiveCfg = AppStore|iPhone
		{27879B97-17B5-497B-919B-A8AF9313A20D}.AppStore|x64.Build.0 = AppStore|iPhone
		{27879B97-17B5-497B-919B-A8AF9313A20D}.AppStore|x64.Deploy.0 = AppStore|iPhone
		{27879B97-17B5-497B-919B-A8AF9313A20D}.AppStore|x86.ActiveCfg = AppStore|iPhone
		{27879B97-17B5-497B-919B-A8AF9313A20D}.AppStore|x86.Build.0 = AppStore|iPhone
		{27879B97-17B5-497B-919B-A8AF9313A20D}.AppStore|x86.Deploy.0 = AppStore|iPhone
		{27879B97-17B5-497B-919B-A8AF9313A20D}.Debug|Any CPU.ActiveCfg = Debug|iPhoneSimulator
		{27879B97-17B5-497B-919B-A8AF9313A20D}.Debug|Any CPU.Build.0 = Debug|iPhoneSimulator
		{27879B97-17B5-497B-919B-A8AF9313A20D}.Debug|Any CPU.Deploy.0 = Debug|iPhoneSimulator
		{27879B97-17B5-497B-919B-A8AF9313A20D}.Debug|ARM.ActiveCfg = Debug|iPhone
		{27879B97-17B5-497B-919B-A8AF9313A20D}.Debug|ARM.Build.0 = Debug|iPhone
		{27879B97-17B5-497B-919B-A8AF9313A20D}.Debug|ARM.Deploy.0 = Debug|iPhone
		{27879B97-17B5-497B-919B-A8AF9313A20D}.Debug|iPhone.ActiveCfg = Debug|iPhone
		{27879B97-17B5-497B-919B-A8AF9313A20D}.Debug|iPhone.Build.0 = Debug|iPhone
		{27879B97-17B5-497B-919B-A8AF9313A20D}.Debug|iPhone.Deploy.0 = Debug|iPhone
		{27879B97-17B5-497B-919B-A8AF9313A20D}.Debug|iPhoneSimulator.ActiveCfg = Debug|iPhoneSimulator
		{27879B97-17B5-497B-919B-A8AF9313A20D}.Debug|iPhoneSimulator.Build.0 = Debug|iPhoneSimulator
		{27879B97-17B5-497B-919B-A8AF9313A20D}.Debug|iPhoneSimulator.Deploy.0 = Debug|iPhoneSimulator
		{27879B97-17B5-497B-919B-A8AF9313A20D}.Debug|x64.ActiveCfg = Debug|iPhone
		{27879B97-17B5-497B-919B-A8AF9313A20D}.Debug|x64.Build.0 = Debug|iPhone
		{27879B97-17B5-497B-919B-A8AF9313A20D}.Debug|x64.Deploy.0 = Debug|iPhone
		{27879B97-17B5-497B-919B-A8AF9313A20D}.Debug|x86.ActiveCfg = Debug|iPhone
		{27879B97-17B5-497B-919B-A8AF9313A20D}.Debug|x86.Build.0 = Debug|iPhone
		{27879B97-17B5-497B-919B-A8AF9313A20D}.Debug|x86.Deploy.0 = Debug|iPhone
		{27879B97-17B5-497B-919B-A8AF9313A20D}.Release|Any CPU.ActiveCfg = Release|iPhone
		{27879B97-17B5-497B-919B-A8AF9313A20D}.Release|Any CPU.Build.0 = Release|iPhone
		{27879B97-17B5-497B-919B-A8AF9313A20D}.Release|Any CPU.Deploy.0 = Release|iPhone
		{27879B97-17B5-497B-919B-A8AF9313A20D}.Release|ARM.ActiveCfg = Release|iPhone
		{27879B97-17B5-497B-919B-A8AF9313A20D}.Release|ARM.Build.0 = Release|iPhone
		{27879B97-17B5-497B-919B-A8AF9313A20D}.Release|ARM.Deploy.0 = Release|iPhone
		{27879B97-17B5-497B-919B-A8AF9313A20D}.Release|iPhone.ActiveCfg = Release|iPhone
		{27879B97-17B5-497B-919B-A8AF9313A20D}.Release|iPhone.Build.0 = Release|iPhone
		{27879B97-17B5-497B-919B-A8AF9313A20D}.Release|iPhone.Deploy.0 = Release|iPhone
		{27879B97-17B5-497B-919B-A8AF9313A20D}.Release|iPhoneSimulator.ActiveCfg = Release|iPhoneSimulator
		{27879B97-17B5-497B-919B-A8AF9313A20D}.Release|iPhoneSimulator.Build.0 = Release|iPhoneSimulator
		{27879B97-17B5-497B-919B-A8AF9313A20D}.Release|iPhoneSimulator.Deploy.0 = Release|iPhoneSimulator
		{27879B97-17B5-497B-919B-A8AF9313A20D}.Release|x64.ActiveCfg = Release|iPhone
		{27879B97-17B5-497B-919B-A8AF9313A20D}.Release|x64.Build.0 = Release|iPhone
		{27879B97-17B5-497B-919B-A8AF9313A20D}.Release|x64.Deploy.0 = Release|iPhone
		{27879B97-17B5-497B-919B-A8AF9313A20D}.Release|x86.ActiveCfg = Release|iPhone
		{27879B97-17B5-497B-919B-A8AF9313A20D}.Release|x86.Build.0 = Release|iPhone
		{27879B97-17B5-497B-919B-A8AF9313A20D}.Release|x86.Deploy.0 = Release|iPhone
	EndGlobalSection
	GlobalSection(SolutionProperties) = preSolution
		HideSolutionNode = FALSE
	EndGlobalSection
EndGlobal
